PODS:
  - ISEmojiView (0.0.5)
  - SwiftGifOrigin (1.6.1)

DEPENDENCIES:
  - ISEmojiView
  - SwiftGifOrigin (~> 1.6.1)

SPEC REPOS:
  trunk:
    - ISEmojiView
    - SwiftGifOrigin

SPEC CHECKSUMS:
  ISEmojiView: 792c0ce32a1a4f375ea09b6c3f2e86a488ee2d8f
  SwiftGifOrigin: d6679d3ebe9df2e049a84bc52582635107b581f6

PODFILE CHECKSUM: 2715a7c803f5e719bc11b8170a14ce88f9378c24

COCOAPODS: 1.8.4
