// !$*UTF8*$!
{
	archiveVersion = 1;
	classes = {
	};
	objectVersion = 46;
	objects = {

/* Begin PBXBuildFile section */
		630674181D51BE9800339EC8 /* Timer.swift in Sources */ = {isa = PBXBuildFile; fileRef = 630674171D51BE9800339EC8 /* Timer.swift */; };
		630681A31D62FD6300539773 /* LaunchScreen.storyboard in Resources */ = {isa = PBXBuildFile; fileRef = 630681A21D62FD6300539773 /* LaunchScreen.storyboard */; };
		630681A51D62FD6900539773 /* Spycodes.storyboard in Resources */ = {isa = PBXBuildFile; fileRef = 630681A41D62FD6900539773 /* Spycodes.storyboard */; };
		6307AC121E989CDE00BC1B73 /* SCModalViewController.swift in Sources */ = {isa = PBXBuildFile; fileRef = 6307AC111E989CDE00BC1B73 /* SCModalViewController.swift */; };
		6307AC141E98AD6600BC1B73 /* SCPregameModalViewController.swift in Sources */ = {isa = PBXBuildFile; fileRef = 6307AC131E98AD6600BC1B73 /* SCPregameModalViewController.swift */; };
		630883681E80E56F006D2428 /* SCAppInfoManager.swift in Sources */ = {isa = PBXBuildFile; fileRef = 630883671E80E56F006D2428 /* SCAppInfoManager.swift */; };
		6308836A1E80FBD9006D2428 /* SCUpdateAppModalViewController.swift in Sources */ = {isa = PBXBuildFile; fileRef = 630883691E80FBD9006D2428 /* SCUpdateAppModalViewController.swift */; };
		630D15581E99F1B3001C1D87 /* SCLabel.swift in Sources */ = {isa = PBXBuildFile; fileRef = 630D15571E99F1B3001C1D87 /* SCLabel.swift */; };
		6329BEFD1E512ADF004E6151 /* SCViewController.swift in Sources */ = {isa = PBXBuildFile; fileRef = 6329BEFC1E512ADF004E6151 /* SCViewController.swift */; };
		632D31201E9F5C55005D9999 /* SCTextButton.swift in Sources */ = {isa = PBXBuildFile; fileRef = 632D311F1E9F5C55005D9999 /* SCTextButton.swift */; };
		632E4E461E6A91C8004E7180 /* SCPopoverViewController.swift in Sources */ = {isa = PBXBuildFile; fileRef = 632E4E451E6A91C8004E7180 /* SCPopoverViewController.swift */; };
		6332921F1E7CD8320090B09D /* SCFonts.swift in Sources */ = {isa = PBXBuildFile; fileRef = 6332921E1E7CD8320090B09D /* SCFonts.swift */; };
		633292251E7D0D950090B09D /* SCDisclosureViewCell.swift in Sources */ = {isa = PBXBuildFile; fileRef = 633292241E7D0D950090B09D /* SCDisclosureViewCell.swift */; };
		633292271E7DE8B30090B09D /* SCTableViewCell.swift in Sources */ = {isa = PBXBuildFile; fileRef = 633292261E7DE8B30090B09D /* SCTableViewCell.swift */; };
		6332922B1E7DE9EC0090B09D /* SCSettingsManager.swift in Sources */ = {isa = PBXBuildFile; fileRef = 6332922A1E7DE9EC0090B09D /* SCSettingsManager.swift */; };
		63486DA51D3DDC9800795403 /* SCArray.swift in Sources */ = {isa = PBXBuildFile; fileRef = 63486DA41D3DDC9800795403 /* SCArray.swift */; };
		63486DA91D3DE29C00795403 /* Key.swift in Sources */ = {isa = PBXBuildFile; fileRef = 63486DA81D3DE29C00795403 /* Key.swift */; };
		6363EB651E7E4D5600CC287B /* SCUnderlineTextField.swift in Sources */ = {isa = PBXBuildFile; fileRef = 6363EB641E7E4D5600CC287B /* SCUnderlineTextField.swift */; };
		6363EB671E7E5A3900CC287B /* SCToggleViewCell.swift in Sources */ = {isa = PBXBuildFile; fileRef = 6363EB661E7E5A3900CC287B /* SCToggleViewCell.swift */; };
		636DC0CE1E67D90800DE5EC6 /* SCHelpViewController.swift in Sources */ = {isa = PBXBuildFile; fileRef = 636DC0CD1E67D90800DE5EC6 /* SCHelpViewController.swift */; };
		637310CB1D3B292F00EA5D7A /* SCGameRoomViewController.swift in Sources */ = {isa = PBXBuildFile; fileRef = 637310CA1D3B292F00EA5D7A /* SCGameRoomViewController.swift */; };
		6378C6511D4C6F46009BD0CA /* GameMode.swift in Sources */ = {isa = PBXBuildFile; fileRef = 6378C6501D4C6F46009BD0CA /* GameMode.swift */; };
		637F195F1D46010E00FB4047 /* Statistics.swift in Sources */ = {isa = PBXBuildFile; fileRef = 637F195E1D46010E00FB4047 /* Statistics.swift */; };
		637FF00A1E0F0B620076DC25 /* SCAccessCodeViewController.swift in Sources */ = {isa = PBXBuildFile; fileRef = 637FF0091E0F0B620076DC25 /* SCAccessCodeViewController.swift */; };
		638350A41EA1E3CF003049EF /* SCImageButton.swift in Sources */ = {isa = PBXBuildFile; fileRef = 638350A31EA1E3CF003049EF /* SCImageButton.swift */; };
		638CE44B1EAB2EF300033480 /* SCTimelineModalViewController.swift in Sources */ = {isa = PBXBuildFile; fileRef = 638CE44A1EAB2EF300033480 /* SCTimelineModalViewController.swift */; };
		638CE44D1EAB3D4B00033480 /* Timeline.swift in Sources */ = {isa = PBXBuildFile; fileRef = 638CE44C1EAB3D4B00033480 /* Timeline.swift */; };
		638CE44F1EAB45A500033480 /* SCTimelineViewCell.swift in Sources */ = {isa = PBXBuildFile; fileRef = 638CE44E1EAB45A500033480 /* SCTimelineViewCell.swift */; };
		63920A371D3090D60073E7F7 /* SCMultipeerManager.swift in Sources */ = {isa = PBXBuildFile; fileRef = 63920A361D3090D60073E7F7 /* SCMultipeerManager.swift */; };
		639BA3161D38AFEF002F2A18 /* SCUIColor.swift in Sources */ = {isa = PBXBuildFile; fileRef = 639BA3151D38AFEF002F2A18 /* SCUIColor.swift */; };
		639E17681E00EADB00640540 /* SCSectionHeaderViewCell.swift in Sources */ = {isa = PBXBuildFile; fileRef = 639E17671E00EADB00640540 /* SCSectionHeaderViewCell.swift */; };
		63A04D041D1A5713005A2914 /* SCAppDelegate.swift in Sources */ = {isa = PBXBuildFile; fileRef = 63A04D031D1A5713005A2914 /* SCAppDelegate.swift */; };
		63A04D0E1D1A5713005A2914 /* Assets.xcassets in Resources */ = {isa = PBXBuildFile; fileRef = 63A04D0D1D1A5713005A2914 /* Assets.xcassets */; };
		63A04D1F1D1A7F3E005A2914 /* SCMainMenuViewController.swift in Sources */ = {isa = PBXBuildFile; fileRef = 63A04D1E1D1A7F3E005A2914 /* SCMainMenuViewController.swift */; };
		63AB64CD1D4880A600C4FF22 /* SCSettingsViewController.swift in Sources */ = {isa = PBXBuildFile; fileRef = 63AB64CC1D4880A600C4FF22 /* SCSettingsViewController.swift */; };
		63CB4F081D3CB3C300211D3A /* SCGameRoomViewCell.swift in Sources */ = {isa = PBXBuildFile; fileRef = 63CB4F071D3CB3C300211D3A /* SCGameRoomViewCell.swift */; };
		63CB4F0A1D3CB88D00211D3A /* Card.swift in Sources */ = {isa = PBXBuildFile; fileRef = 63CB4F091D3CB88D00211D3A /* Card.swift */; };
		63CB4F0C1D3CBCBC00211D3A /* CardCollection.swift in Sources */ = {isa = PBXBuildFile; fileRef = 63CB4F0B1D3CBCBC00211D3A /* CardCollection.swift */; };
		63CB4F0E1D3DAA5A00211D3A /* SCWordList.swift in Sources */ = {isa = PBXBuildFile; fileRef = 63CB4F0D1D3DAA5A00211D3A /* SCWordList.swift */; };
		63D256811E6BA6BA0061D80C /* SCButton.swift in Sources */ = {isa = PBXBuildFile; fileRef = 63D256761E6BA6BA0061D80C /* SCButton.swift */; };
		63D256821E6BA6BA0061D80C /* SCHelpDescriptionLabel.swift in Sources */ = {isa = PBXBuildFile; fileRef = 63D256771E6BA6BA0061D80C /* SCHelpDescriptionLabel.swift */; };
		63D256841E6BA6BA0061D80C /* SCLargeLabel.swift in Sources */ = {isa = PBXBuildFile; fileRef = 63D256791E6BA6BA0061D80C /* SCLargeLabel.swift */; };
		63D256871E6BA6BA0061D80C /* SCNavigationBarLabel.swift in Sources */ = {isa = PBXBuildFile; fileRef = 63D2567C1E6BA6BA0061D80C /* SCNavigationBarLabel.swift */; };
		63D256881E6BA6BA0061D80C /* SCRoundedButton.swift in Sources */ = {isa = PBXBuildFile; fileRef = 63D2567D1E6BA6BA0061D80C /* SCRoundedButton.swift */; };
		63D256891E6BA6BA0061D80C /* SCSingleCharacterTextField.swift in Sources */ = {isa = PBXBuildFile; fileRef = 63D2567E1E6BA6BA0061D80C /* SCSingleCharacterTextField.swift */; };
		63D2568A1E6BA6BA0061D80C /* SCStatusLabel.swift in Sources */ = {isa = PBXBuildFile; fileRef = 63D2567F1E6BA6BA0061D80C /* SCStatusLabel.swift */; };
		63D2568B1E6BA6BA0061D80C /* SCTextField.swift in Sources */ = {isa = PBXBuildFile; fileRef = 63D256801E6BA6BA0061D80C /* SCTextField.swift */; };
		63D7E73D1EB183EF00B2F536 /* SCReadyStatusLabel.swift in Sources */ = {isa = PBXBuildFile; fileRef = 63D7E73C1EB183EF00B2F536 /* SCReadyStatusLabel.swift */; };
		63DEDEE81E88921200DE94A1 /* Event.swift in Sources */ = {isa = PBXBuildFile; fileRef = 63DEDEE71E88921200DE94A1 /* Event.swift */; };
		63EAF9A31D41D2E700BC554E /* Round.swift in Sources */ = {isa = PBXBuildFile; fileRef = 63EAF9A21D41D2E700BC554E /* Round.swift */; };
		63EAF9A51D41F1C400BC554E /* SCAudioManager.swift in Sources */ = {isa = PBXBuildFile; fileRef = 63EAF9A41D41F1C400BC554E /* SCAudioManager.swift */; };
		63F2B7A61E6BB8F600F602D1 /* SCStates.swift in Sources */ = {isa = PBXBuildFile; fileRef = 63F2B7A51E6BB8F600F602D1 /* SCStates.swift */; };
		63FDED321D2648D600142780 /* SCPlayerNameViewController.swift in Sources */ = {isa = PBXBuildFile; fileRef = 63FDED311D2648D600142780 /* SCPlayerNameViewController.swift */; };
		63FDED351D264BE800142780 /* Player.swift in Sources */ = {isa = PBXBuildFile; fileRef = 63FDED341D264BE800142780 /* Player.swift */; };
		63FDED371D264CF300142780 /* Team.swift in Sources */ = {isa = PBXBuildFile; fileRef = 63FDED361D264CF300142780 /* Team.swift */; };
		63FDED391D26557200142780 /* Room.swift in Sources */ = {isa = PBXBuildFile; fileRef = 63FDED381D26557200142780 /* Room.swift */; };
		63FDED3B1D265BAF00142780 /* SCPregameRoomViewController.swift in Sources */ = {isa = PBXBuildFile; fileRef = 63FDED3A1D265BAF00142780 /* SCPregameRoomViewController.swift */; };
		63FDED461D28B47200142780 /* SCPregameRoomViewCell.swift in Sources */ = {isa = PBXBuildFile; fileRef = 63FDED451D28B47200142780 /* SCPregameRoomViewCell.swift */; };
		63FFA4B11D50635B006A181B /* GameKit.framework in Frameworks */ = {isa = PBXBuildFile; fileRef = 63FFA4B01D50635B006A181B /* GameKit.framework */; };
		CF33BE2D1D6D04EA00D0E105 /* SCConstants.swift in Sources */ = {isa = PBXBuildFile; fileRef = CF33BE2C1D6D04EA00D0E105 /* SCConstants.swift */; };
		CF5A8DCC1D46D95F0032F581 /* SCStrings.swift in Sources */ = {isa = PBXBuildFile; fileRef = CF5A8DCB1D46D95F0032F581 /* SCStrings.swift */; };
/* End PBXBuildFile section */

/* Begin PBXFileReference section */
		630674171D51BE9800339EC8 /* Timer.swift */ = {isa = PBXFileReference; fileEncoding = 4; lastKnownFileType = sourcecode.swift; name = Timer.swift; path = Objects/Timer.swift; sourceTree = "<group>"; };
		630681A21D62FD6300539773 /* LaunchScreen.storyboard */ = {isa = PBXFileReference; fileEncoding = 4; lastKnownFileType = file.storyboard; name = LaunchScreen.storyboard; path = Storyboards/LaunchScreen.storyboard; sourceTree = "<group>"; };
		630681A41D62FD6900539773 /* Spycodes.storyboard */ = {isa = PBXFileReference; fileEncoding = 4; lastKnownFileType = file.storyboard; name = Spycodes.storyboard; path = Storyboards/Spycodes.storyboard; sourceTree = "<group>"; };
		6307AC111E989CDE00BC1B73 /* SCModalViewController.swift */ = {isa = PBXFileReference; fileEncoding = 4; lastKnownFileType = sourcecode.swift; name = SCModalViewController.swift; path = ViewControllers/SCModalViewController.swift; sourceTree = "<group>"; };
		6307AC131E98AD6600BC1B73 /* SCPregameModalViewController.swift */ = {isa = PBXFileReference; fileEncoding = 4; lastKnownFileType = sourcecode.swift; lineEnding = 0; name = SCPregameModalViewController.swift; path = ViewControllers/SCPregameModalViewController.swift; sourceTree = "<group>"; xcLanguageSpecificationIdentifier = xcode.lang.swift; };
		630883671E80E56F006D2428 /* SCAppInfoManager.swift */ = {isa = PBXFileReference; fileEncoding = 4; lastKnownFileType = sourcecode.swift; name = SCAppInfoManager.swift; path = Managers/SCAppInfoManager.swift; sourceTree = "<group>"; };
		630883691E80FBD9006D2428 /* SCUpdateAppModalViewController.swift */ = {isa = PBXFileReference; fileEncoding = 4; lastKnownFileType = sourcecode.swift; name = SCUpdateAppModalViewController.swift; path = ViewControllers/SCUpdateAppModalViewController.swift; sourceTree = "<group>"; };
		630D15571E99F1B3001C1D87 /* SCLabel.swift */ = {isa = PBXFileReference; fileEncoding = 4; lastKnownFileType = sourcecode.swift; name = SCLabel.swift; path = Utilities/SCLabel.swift; sourceTree = "<group>"; };
		6329BEFC1E512ADF004E6151 /* SCViewController.swift */ = {isa = PBXFileReference; fileEncoding = 4; lastKnownFileType = sourcecode.swift; name = SCViewController.swift; path = ViewControllers/SCViewController.swift; sourceTree = "<group>"; };
		632D311F1E9F5C55005D9999 /* SCTextButton.swift */ = {isa = PBXFileReference; fileEncoding = 4; lastKnownFileType = sourcecode.swift; name = SCTextButton.swift; path = Utilities/SCTextButton.swift; sourceTree = "<group>"; };
		632E4E451E6A91C8004E7180 /* SCPopoverViewController.swift */ = {isa = PBXFileReference; fileEncoding = 4; lastKnownFileType = sourcecode.swift; name = SCPopoverViewController.swift; path = ViewControllers/SCPopoverViewController.swift; sourceTree = "<group>"; };
		6332921E1E7CD8320090B09D /* SCFonts.swift */ = {isa = PBXFileReference; fileEncoding = 4; lastKnownFileType = sourcecode.swift; lineEnding = 0; name = SCFonts.swift; path = Extensions/SCFonts.swift; sourceTree = "<group>"; xcLanguageSpecificationIdentifier = xcode.lang.swift; };
		633292241E7D0D950090B09D /* SCDisclosureViewCell.swift */ = {isa = PBXFileReference; fileEncoding = 4; lastKnownFileType = sourcecode.swift; name = SCDisclosureViewCell.swift; path = Views/SCDisclosureViewCell.swift; sourceTree = "<group>"; };
		633292261E7DE8B30090B09D /* SCTableViewCell.swift */ = {isa = PBXFileReference; fileEncoding = 4; lastKnownFileType = sourcecode.swift; name = SCTableViewCell.swift; path = Views/SCTableViewCell.swift; sourceTree = "<group>"; };
		6332922A1E7DE9EC0090B09D /* SCSettingsManager.swift */ = {isa = PBXFileReference; fileEncoding = 4; lastKnownFileType = sourcecode.swift; name = SCSettingsManager.swift; path = Managers/SCSettingsManager.swift; sourceTree = "<group>"; };
		63486DA41D3DDC9800795403 /* SCArray.swift */ = {isa = PBXFileReference; fileEncoding = 4; lastKnownFileType = sourcecode.swift; name = SCArray.swift; path = Extensions/SCArray.swift; sourceTree = "<group>"; };
		63486DA81D3DE29C00795403 /* Key.swift */ = {isa = PBXFileReference; fileEncoding = 4; lastKnownFileType = sourcecode.swift; name = Key.swift; path = Objects/Key.swift; sourceTree = "<group>"; };
		6363EB641E7E4D5600CC287B /* SCUnderlineTextField.swift */ = {isa = PBXFileReference; fileEncoding = 4; lastKnownFileType = sourcecode.swift; name = SCUnderlineTextField.swift; path = Utilities/SCUnderlineTextField.swift; sourceTree = "<group>"; };
		6363EB661E7E5A3900CC287B /* SCToggleViewCell.swift */ = {isa = PBXFileReference; fileEncoding = 4; lastKnownFileType = sourcecode.swift; name = SCToggleViewCell.swift; path = Views/SCToggleViewCell.swift; sourceTree = "<group>"; };
		636DC0CD1E67D90800DE5EC6 /* SCHelpViewController.swift */ = {isa = PBXFileReference; fileEncoding = 4; lastKnownFileType = sourcecode.swift; lineEnding = 0; name = SCHelpViewController.swift; path = ViewControllers/SCHelpViewController.swift; sourceTree = "<group>"; xcLanguageSpecificationIdentifier = xcode.lang.swift; };
		637310CA1D3B292F00EA5D7A /* SCGameRoomViewController.swift */ = {isa = PBXFileReference; fileEncoding = 4; lastKnownFileType = sourcecode.swift; lineEnding = 0; name = SCGameRoomViewController.swift; path = ViewControllers/SCGameRoomViewController.swift; sourceTree = "<group>"; xcLanguageSpecificationIdentifier = xcode.lang.swift; };
		6378C6501D4C6F46009BD0CA /* GameMode.swift */ = {isa = PBXFileReference; fileEncoding = 4; lastKnownFileType = sourcecode.swift; name = GameMode.swift; path = Objects/GameMode.swift; sourceTree = "<group>"; };
		637F195E1D46010E00FB4047 /* Statistics.swift */ = {isa = PBXFileReference; fileEncoding = 4; lastKnownFileType = sourcecode.swift; name = Statistics.swift; path = Objects/Statistics.swift; sourceTree = "<group>"; };
		637FF0091E0F0B620076DC25 /* SCAccessCodeViewController.swift */ = {isa = PBXFileReference; fileEncoding = 4; lastKnownFileType = sourcecode.swift; lineEnding = 0; name = SCAccessCodeViewController.swift; path = ViewControllers/SCAccessCodeViewController.swift; sourceTree = "<group>"; xcLanguageSpecificationIdentifier = xcode.lang.swift; };
		638350A31EA1E3CF003049EF /* SCImageButton.swift */ = {isa = PBXFileReference; fileEncoding = 4; lastKnownFileType = sourcecode.swift; name = SCImageButton.swift; path = Utilities/SCImageButton.swift; sourceTree = "<group>"; };
		638CE44A1EAB2EF300033480 /* SCTimelineModalViewController.swift */ = {isa = PBXFileReference; fileEncoding = 4; lastKnownFileType = sourcecode.swift; name = SCTimelineModalViewController.swift; path = ViewControllers/SCTimelineModalViewController.swift; sourceTree = "<group>"; };
		638CE44C1EAB3D4B00033480 /* Timeline.swift */ = {isa = PBXFileReference; fileEncoding = 4; lastKnownFileType = sourcecode.swift; name = Timeline.swift; path = Objects/Timeline.swift; sourceTree = "<group>"; };
		638CE44E1EAB45A500033480 /* SCTimelineViewCell.swift */ = {isa = PBXFileReference; fileEncoding = 4; lastKnownFileType = sourcecode.swift; name = SCTimelineViewCell.swift; path = Views/SCTimelineViewCell.swift; sourceTree = "<group>"; };
		63920A361D3090D60073E7F7 /* SCMultipeerManager.swift */ = {isa = PBXFileReference; fileEncoding = 4; lastKnownFileType = sourcecode.swift; lineEnding = 0; name = SCMultipeerManager.swift; path = Managers/SCMultipeerManager.swift; sourceTree = "<group>"; xcLanguageSpecificationIdentifier = xcode.lang.swift; };
		639BA3151D38AFEF002F2A18 /* SCUIColor.swift */ = {isa = PBXFileReference; fileEncoding = 4; lastKnownFileType = sourcecode.swift; name = SCUIColor.swift; path = Extensions/SCUIColor.swift; sourceTree = "<group>"; };
		639E17671E00EADB00640540 /* SCSectionHeaderViewCell.swift */ = {isa = PBXFileReference; fileEncoding = 4; lastKnownFileType = sourcecode.swift; lineEnding = 0; name = SCSectionHeaderViewCell.swift; path = Views/SCSectionHeaderViewCell.swift; sourceTree = "<group>"; xcLanguageSpecificationIdentifier = xcode.lang.swift; };
		63A04D001D1A5713005A2914 /* Spycodes.app */ = {isa = PBXFileReference; explicitFileType = wrapper.application; includeInIndex = 0; path = Spycodes.app; sourceTree = BUILT_PRODUCTS_DIR; };
		63A04D031D1A5713005A2914 /* SCAppDelegate.swift */ = {isa = PBXFileReference; lastKnownFileType = sourcecode.swift; lineEnding = 0; path = SCAppDelegate.swift; sourceTree = "<group>"; xcLanguageSpecificationIdentifier = xcode.lang.swift; };
		63A04D0D1D1A5713005A2914 /* Assets.xcassets */ = {isa = PBXFileReference; lastKnownFileType = folder.assetcatalog; path = Assets.xcassets; sourceTree = "<group>"; };
		63A04D121D1A5713005A2914 /* Info.plist */ = {isa = PBXFileReference; lastKnownFileType = text.plist.xml; path = Info.plist; sourceTree = "<group>"; };
		63A04D1E1D1A7F3E005A2914 /* SCMainMenuViewController.swift */ = {isa = PBXFileReference; fileEncoding = 4; lastKnownFileType = sourcecode.swift; lineEnding = 0; name = SCMainMenuViewController.swift; path = ViewControllers/SCMainMenuViewController.swift; sourceTree = "<group>"; xcLanguageSpecificationIdentifier = xcode.lang.swift; };
		63AB64CC1D4880A600C4FF22 /* SCSettingsViewController.swift */ = {isa = PBXFileReference; fileEncoding = 4; lastKnownFileType = sourcecode.swift; lineEnding = 0; name = SCSettingsViewController.swift; path = ViewControllers/SCSettingsViewController.swift; sourceTree = "<group>"; xcLanguageSpecificationIdentifier = xcode.lang.swift; };
		63CB4F071D3CB3C300211D3A /* SCGameRoomViewCell.swift */ = {isa = PBXFileReference; fileEncoding = 4; lastKnownFileType = sourcecode.swift; name = SCGameRoomViewCell.swift; path = Views/SCGameRoomViewCell.swift; sourceTree = "<group>"; };
		63CB4F091D3CB88D00211D3A /* Card.swift */ = {isa = PBXFileReference; fileEncoding = 4; lastKnownFileType = sourcecode.swift; name = Card.swift; path = Objects/Card.swift; sourceTree = "<group>"; };
		63CB4F0B1D3CBCBC00211D3A /* CardCollection.swift */ = {isa = PBXFileReference; fileEncoding = 4; lastKnownFileType = sourcecode.swift; lineEnding = 0; name = CardCollection.swift; path = Objects/CardCollection.swift; sourceTree = "<group>"; xcLanguageSpecificationIdentifier = xcode.lang.swift; };
		63CB4F0D1D3DAA5A00211D3A /* SCWordList.swift */ = {isa = PBXFileReference; fileEncoding = 4; lastKnownFileType = sourcecode.swift; lineEnding = 0; name = SCWordList.swift; path = Extensions/SCWordList.swift; sourceTree = "<group>"; xcLanguageSpecificationIdentifier = xcode.lang.swift; };
		63D256761E6BA6BA0061D80C /* SCButton.swift */ = {isa = PBXFileReference; fileEncoding = 4; lastKnownFileType = sourcecode.swift; lineEnding = 0; name = SCButton.swift; path = Utilities/SCButton.swift; sourceTree = "<group>"; xcLanguageSpecificationIdentifier = xcode.lang.swift; };
		63D256771E6BA6BA0061D80C /* SCHelpDescriptionLabel.swift */ = {isa = PBXFileReference; fileEncoding = 4; lastKnownFileType = sourcecode.swift; lineEnding = 0; name = SCHelpDescriptionLabel.swift; path = Utilities/SCHelpDescriptionLabel.swift; sourceTree = "<group>"; xcLanguageSpecificationIdentifier = xcode.lang.swift; };
		63D256791E6BA6BA0061D80C /* SCLargeLabel.swift */ = {isa = PBXFileReference; fileEncoding = 4; lastKnownFileType = sourcecode.swift; lineEnding = 0; name = SCLargeLabel.swift; path = Utilities/SCLargeLabel.swift; sourceTree = "<group>"; xcLanguageSpecificationIdentifier = xcode.lang.swift; };
		63D2567C1E6BA6BA0061D80C /* SCNavigationBarLabel.swift */ = {isa = PBXFileReference; fileEncoding = 4; lastKnownFileType = sourcecode.swift; lineEnding = 0; name = SCNavigationBarLabel.swift; path = Utilities/SCNavigationBarLabel.swift; sourceTree = "<group>"; xcLanguageSpecificationIdentifier = xcode.lang.swift; };
		63D2567D1E6BA6BA0061D80C /* SCRoundedButton.swift */ = {isa = PBXFileReference; fileEncoding = 4; lastKnownFileType = sourcecode.swift; lineEnding = 0; name = SCRoundedButton.swift; path = Utilities/SCRoundedButton.swift; sourceTree = "<group>"; xcLanguageSpecificationIdentifier = xcode.lang.swift; };
		63D2567E1E6BA6BA0061D80C /* SCSingleCharacterTextField.swift */ = {isa = PBXFileReference; fileEncoding = 4; lastKnownFileType = sourcecode.swift; lineEnding = 0; name = SCSingleCharacterTextField.swift; path = Utilities/SCSingleCharacterTextField.swift; sourceTree = "<group>"; xcLanguageSpecificationIdentifier = xcode.lang.swift; };
		63D2567F1E6BA6BA0061D80C /* SCStatusLabel.swift */ = {isa = PBXFileReference; fileEncoding = 4; lastKnownFileType = sourcecode.swift; lineEnding = 0; name = SCStatusLabel.swift; path = Utilities/SCStatusLabel.swift; sourceTree = "<group>"; xcLanguageSpecificationIdentifier = xcode.lang.swift; };
		63D256801E6BA6BA0061D80C /* SCTextField.swift */ = {isa = PBXFileReference; fileEncoding = 4; lastKnownFileType = sourcecode.swift; lineEnding = 0; name = SCTextField.swift; path = Utilities/SCTextField.swift; sourceTree = "<group>"; xcLanguageSpecificationIdentifier = xcode.lang.swift; };
		63D7E73C1EB183EF00B2F536 /* SCReadyStatusLabel.swift */ = {isa = PBXFileReference; fileEncoding = 4; lastKnownFileType = sourcecode.swift; name = SCReadyStatusLabel.swift; path = Utilities/SCReadyStatusLabel.swift; sourceTree = "<group>"; };
		63DEDEE71E88921200DE94A1 /* Event.swift */ = {isa = PBXFileReference; fileEncoding = 4; lastKnownFileType = sourcecode.swift; name = Event.swift; path = Objects/Event.swift; sourceTree = "<group>"; };
		63EAF9A21D41D2E700BC554E /* Round.swift */ = {isa = PBXFileReference; fileEncoding = 4; lastKnownFileType = sourcecode.swift; lineEnding = 0; name = Round.swift; path = Objects/Round.swift; sourceTree = "<group>"; xcLanguageSpecificationIdentifier = xcode.lang.swift; };
		63EAF9A41D41F1C400BC554E /* SCAudioManager.swift */ = {isa = PBXFileReference; fileEncoding = 4; lastKnownFileType = sourcecode.swift; name = SCAudioManager.swift; path = Managers/SCAudioManager.swift; sourceTree = "<group>"; };
		63F2B7A51E6BB8F600F602D1 /* SCStates.swift */ = {isa = PBXFileReference; fileEncoding = 4; lastKnownFileType = sourcecode.swift; name = SCStates.swift; path = Extensions/SCStates.swift; sourceTree = "<group>"; };
		63FDED311D2648D600142780 /* SCPlayerNameViewController.swift */ = {isa = PBXFileReference; fileEncoding = 4; lastKnownFileType = sourcecode.swift; lineEnding = 0; name = SCPlayerNameViewController.swift; path = ViewControllers/SCPlayerNameViewController.swift; sourceTree = "<group>"; xcLanguageSpecificationIdentifier = xcode.lang.swift; };
		63FDED341D264BE800142780 /* Player.swift */ = {isa = PBXFileReference; fileEncoding = 4; lastKnownFileType = sourcecode.swift; lineEnding = 0; name = Player.swift; path = Objects/Player.swift; sourceTree = "<group>"; xcLanguageSpecificationIdentifier = xcode.lang.swift; };
		63FDED361D264CF300142780 /* Team.swift */ = {isa = PBXFileReference; fileEncoding = 4; lastKnownFileType = sourcecode.swift; name = Team.swift; path = Objects/Team.swift; sourceTree = "<group>"; };
		63FDED381D26557200142780 /* Room.swift */ = {isa = PBXFileReference; fileEncoding = 4; lastKnownFileType = sourcecode.swift; lineEnding = 0; name = Room.swift; path = Objects/Room.swift; sourceTree = "<group>"; xcLanguageSpecificationIdentifier = xcode.lang.swift; };
		63FDED3A1D265BAF00142780 /* SCPregameRoomViewController.swift */ = {isa = PBXFileReference; fileEncoding = 4; lastKnownFileType = sourcecode.swift; lineEnding = 0; name = SCPregameRoomViewController.swift; path = ViewControllers/SCPregameRoomViewController.swift; sourceTree = "<group>"; xcLanguageSpecificationIdentifier = xcode.lang.swift; };
		63FDED451D28B47200142780 /* SCPregameRoomViewCell.swift */ = {isa = PBXFileReference; fileEncoding = 4; lastKnownFileType = sourcecode.swift; lineEnding = 0; name = SCPregameRoomViewCell.swift; path = Views/SCPregameRoomViewCell.swift; sourceTree = "<group>"; xcLanguageSpecificationIdentifier = xcode.lang.swift; };
		63FFA4B01D50635B006A181B /* GameKit.framework */ = {isa = PBXFileReference; lastKnownFileType = wrapper.framework; name = GameKit.framework; path = System/Library/Frameworks/GameKit.framework; sourceTree = SDKROOT; };
		CF33BE2C1D6D04EA00D0E105 /* SCConstants.swift */ = {isa = PBXFileReference; fileEncoding = 4; lastKnownFileType = sourcecode.swift; lineEnding = 0; name = SCConstants.swift; path = Extensions/SCConstants.swift; sourceTree = "<group>"; xcLanguageSpecificationIdentifier = xcode.lang.swift; };
		CF5A8DCB1D46D95F0032F581 /* SCStrings.swift */ = {isa = PBXFileReference; fileEncoding = 4; lastKnownFileType = sourcecode.swift; lineEnding = 0; name = SCStrings.swift; path = Extensions/SCStrings.swift; sourceTree = "<group>"; xcLanguageSpecificationIdentifier = xcode.lang.swift; };
/* End PBXFileReference section */

/* Begin PBXFrameworksBuildPhase section */
		63A04CFD1D1A5713005A2914 /* Frameworks */ = {
			isa = PBXFrameworksBuildPhase;
			buildActionMask = 2147483647;
			files = (
				63FFA4B11D50635B006A181B /* GameKit.framework in Frameworks */,
			);
			runOnlyForDeploymentPostprocessing = 0;
		};
/* End PBXFrameworksBuildPhase section */

/* Begin PBXGroup section */
		63920A351D3090BC0073E7F7 /* Managers */ = {
			isa = PBXGroup;
			children = (
				630883671E80E56F006D2428 /* SCAppInfoManager.swift */,
				63EAF9A41D41F1C400BC554E /* SCAudioManager.swift */,
				63920A361D3090D60073E7F7 /* SCMultipeerManager.swift */,
				6332922A1E7DE9EC0090B09D /* SCSettingsManager.swift */,
			);
			name = Managers;
			sourceTree = "<group>";
		};
		63A04CF71D1A5713005A2914 = {
			isa = PBXGroup;
			children = (
				63FFA4B01D50635B006A181B /* GameKit.framework */,
				63A04D021D1A5713005A2914 /* Spycodes */,
				63A04D011D1A5713005A2914 /* Products */,
			);
			sourceTree = "<group>";
		};
		63A04D011D1A5713005A2914 /* Products */ = {
			isa = PBXGroup;
			children = (
				63A04D001D1A5713005A2914 /* Spycodes.app */,
			);
			name = Products;
			sourceTree = "<group>";
		};
		63A04D021D1A5713005A2914 /* Spycodes */ = {
			isa = PBXGroup;
			children = (
				63A04D031D1A5713005A2914 /* SCAppDelegate.swift */,
				63A04D0D1D1A5713005A2914 /* Assets.xcassets */,
				63A04D121D1A5713005A2914 /* Info.plist */,
				63A04D1B1D1A7F2B005A2914 /* Extensions */,
				63920A351D3090BC0073E7F7 /* Managers */,
				63FDED331D264BD800142780 /* Objects */,
				63FA54E31D1BCFA6004515DA /* Storyboards */,
				63D256751E6BA6600061D80C /* Utilities */,
				63A04D1A1D1A7F25005A2914 /* View Controllers */,
				63FDED421D28B42300142780 /* Views */,
			);
			path = Spycodes;
			sourceTree = "<group>";
		};
		63A04D1A1D1A7F25005A2914 /* View Controllers */ = {
			isa = PBXGroup;
			children = (
				637FF0091E0F0B620076DC25 /* SCAccessCodeViewController.swift */,
				637310CA1D3B292F00EA5D7A /* SCGameRoomViewController.swift */,
				636DC0CD1E67D90800DE5EC6 /* SCHelpViewController.swift */,
				63A04D1E1D1A7F3E005A2914 /* SCMainMenuViewController.swift */,
				6307AC111E989CDE00BC1B73 /* SCModalViewController.swift */,
				63FDED311D2648D600142780 /* SCPlayerNameViewController.swift */,
				632E4E451E6A91C8004E7180 /* SCPopoverViewController.swift */,
				6307AC131E98AD6600BC1B73 /* SCPregameModalViewController.swift */,
				63FDED3A1D265BAF00142780 /* SCPregameRoomViewController.swift */,
				63AB64CC1D4880A600C4FF22 /* SCSettingsViewController.swift */,
				638CE44A1EAB2EF300033480 /* SCTimelineModalViewController.swift */,
				630883691E80FBD9006D2428 /* SCUpdateAppModalViewController.swift */,
				6329BEFC1E512ADF004E6151 /* SCViewController.swift */,
			);
			name = "View Controllers";
			sourceTree = "<group>";
		};
		63A04D1B1D1A7F2B005A2914 /* Extensions */ = {
			isa = PBXGroup;
			children = (
				63486DA41D3DDC9800795403 /* SCArray.swift */,
				CF33BE2C1D6D04EA00D0E105 /* SCConstants.swift */,
				6332921E1E7CD8320090B09D /* SCFonts.swift */,
				63F2B7A51E6BB8F600F602D1 /* SCStates.swift */,
				CF5A8DCB1D46D95F0032F581 /* SCStrings.swift */,
				639BA3151D38AFEF002F2A18 /* SCUIColor.swift */,
				63CB4F0D1D3DAA5A00211D3A /* SCWordList.swift */,
			);
			name = Extensions;
			sourceTree = "<group>";
		};
		63D256751E6BA6600061D80C /* Utilities */ = {
			isa = PBXGroup;
			children = (
				63D256761E6BA6BA0061D80C /* SCButton.swift */,
				63D256771E6BA6BA0061D80C /* SCHelpDescriptionLabel.swift */,
				638350A31EA1E3CF003049EF /* SCImageButton.swift */,
				630D15571E99F1B3001C1D87 /* SCLabel.swift */,
				63D256791E6BA6BA0061D80C /* SCLargeLabel.swift */,
				63D2567C1E6BA6BA0061D80C /* SCNavigationBarLabel.swift */,
				63D7E73C1EB183EF00B2F536 /* SCReadyStatusLabel.swift */,
				63D2567D1E6BA6BA0061D80C /* SCRoundedButton.swift */,
				63D2567E1E6BA6BA0061D80C /* SCSingleCharacterTextField.swift */,
				63D2567F1E6BA6BA0061D80C /* SCStatusLabel.swift */,
				632D311F1E9F5C55005D9999 /* SCTextButton.swift */,
				63D256801E6BA6BA0061D80C /* SCTextField.swift */,
				6363EB641E7E4D5600CC287B /* SCUnderlineTextField.swift */,
			);
			name = Utilities;
			sourceTree = "<group>";
		};
		63FA54E31D1BCFA6004515DA /* Storyboards */ = {
			isa = PBXGroup;
			children = (
				630681A21D62FD6300539773 /* LaunchScreen.storyboard */,
				630681A41D62FD6900539773 /* Spycodes.storyboard */,
			);
			name = Storyboards;
			sourceTree = "<group>";
		};
		63FDED331D264BD800142780 /* Objects */ = {
			isa = PBXGroup;
			children = (
				63CB4F091D3CB88D00211D3A /* Card.swift */,
				63CB4F0B1D3CBCBC00211D3A /* CardCollection.swift */,
				63DEDEE71E88921200DE94A1 /* Event.swift */,
				6378C6501D4C6F46009BD0CA /* GameMode.swift */,
				63486DA81D3DE29C00795403 /* Key.swift */,
				63FDED341D264BE800142780 /* Player.swift */,
				63FDED381D26557200142780 /* Room.swift */,
				63EAF9A21D41D2E700BC554E /* Round.swift */,
				637F195E1D46010E00FB4047 /* Statistics.swift */,
				63FDED361D264CF300142780 /* Team.swift */,
				638CE44C1EAB3D4B00033480 /* Timeline.swift */,
				630674171D51BE9800339EC8 /* Timer.swift */,
			);
			name = Objects;
			sourceTree = "<group>";
		};
		63FDED421D28B42300142780 /* Views */ = {
			isa = PBXGroup;
			children = (
				633292241E7D0D950090B09D /* SCDisclosureViewCell.swift */,
				63CB4F071D3CB3C300211D3A /* SCGameRoomViewCell.swift */,
				63FDED451D28B47200142780 /* SCPregameRoomViewCell.swift */,
				639E17671E00EADB00640540 /* SCSectionHeaderViewCell.swift */,
				633292261E7DE8B30090B09D /* SCTableViewCell.swift */,
				638CE44E1EAB45A500033480 /* SCTimelineViewCell.swift */,
				6363EB661E7E5A3900CC287B /* SCToggleViewCell.swift */,
			);
			name = Views;
			sourceTree = "<group>";
		};
/* End PBXGroup section */

/* Begin PBXNativeTarget section */
		63A04CFF1D1A5713005A2914 /* Spycodes */ = {
			isa = PBXNativeTarget;
			buildConfigurationList = 63A04D151D1A5713005A2914 /* Build configuration list for PBXNativeTarget "Spycodes" */;
			buildPhases = (
				63A04CFC1D1A5713005A2914 /* Sources */,
				63A04CFD1D1A5713005A2914 /* Frameworks */,
				63A04CFE1D1A5713005A2914 /* Resources */,
			);
			buildRules = (
			);
			dependencies = (
			);
			name = Spycodes;
			productName = Spycodes;
			productReference = 63A04D001D1A5713005A2914 /* Spycodes.app */;
			productType = "com.apple.product-type.application";
		};
/* End PBXNativeTarget section */

/* Begin PBXProject section */
		63A04CF81D1A5713005A2914 /* Project object */ = {
			isa = PBXProject;
			attributes = {
				LastSwiftUpdateCheck = 0730;
				LastUpgradeCheck = 0810;
				ORGANIZATIONNAME = "David Zhang";
				TargetAttributes = {
					63A04CFF1D1A5713005A2914 = {
						CreatedOnToolsVersion = 7.3;
						DevelopmentTeam = 3A8NZ732A3;
						LastSwiftMigration = 0830;
						SystemCapabilities = {
							com.apple.GameCenter = {
								enabled = 1;
							};
						};
					};
				};
			};
			buildConfigurationList = 63A04CFB1D1A5713005A2914 /* Build configuration list for PBXProject "Spycodes" */;
			compatibilityVersion = "Xcode 3.2";
			developmentRegion = English;
			hasScannedForEncodings = 0;
			knownRegions = (
				en,
				Base,
			);
			mainGroup = 63A04CF71D1A5713005A2914;
			productRefGroup = 63A04D011D1A5713005A2914 /* Products */;
			projectDirPath = "";
			projectRoot = "";
			targets = (
				63A04CFF1D1A5713005A2914 /* Spycodes */,
			);
		};
/* End PBXProject section */

/* Begin PBXResourcesBuildPhase section */
		63A04CFE1D1A5713005A2914 /* Resources */ = {
			isa = PBXResourcesBuildPhase;
			buildActionMask = 2147483647;
			files = (
				630681A51D62FD6900539773 /* Spycodes.storyboard in Resources */,
				63A04D0E1D1A5713005A2914 /* Assets.xcassets in Resources */,
				630681A31D62FD6300539773 /* LaunchScreen.storyboard in Resources */,
			);
			runOnlyForDeploymentPostprocessing = 0;
		};
/* End PBXResourcesBuildPhase section */

/* Begin PBXSourcesBuildPhase section */
		63A04CFC1D1A5713005A2914 /* Sources */ = {
			isa = PBXSourcesBuildPhase;
			buildActionMask = 2147483647;
			files = (
				636DC0CE1E67D90800DE5EC6 /* SCHelpViewController.swift in Sources */,
				63FDED371D264CF300142780 /* Team.swift in Sources */,
				637F195F1D46010E00FB4047 /* Statistics.swift in Sources */,
				638CE44F1EAB45A500033480 /* SCTimelineViewCell.swift in Sources */,
				63FDED3B1D265BAF00142780 /* SCPregameRoomViewController.swift in Sources */,
				63EAF9A31D41D2E700BC554E /* Round.swift in Sources */,
				63CB4F0C1D3CBCBC00211D3A /* CardCollection.swift in Sources */,
				630D15581E99F1B3001C1D87 /* SCLabel.swift in Sources */,
				63A04D1F1D1A7F3E005A2914 /* SCMainMenuViewController.swift in Sources */,
				6363EB651E7E4D5600CC287B /* SCUnderlineTextField.swift in Sources */,
				63D256841E6BA6BA0061D80C /* SCLargeLabel.swift in Sources */,
				63D256871E6BA6BA0061D80C /* SCNavigationBarLabel.swift in Sources */,
				630674181D51BE9800339EC8 /* Timer.swift in Sources */,
				CF5A8DCC1D46D95F0032F581 /* SCStrings.swift in Sources */,
				632E4E461E6A91C8004E7180 /* SCPopoverViewController.swift in Sources */,
				63486DA91D3DE29C00795403 /* Key.swift in Sources */,
				63D256811E6BA6BA0061D80C /* SCButton.swift in Sources */,
				630883681E80E56F006D2428 /* SCAppInfoManager.swift in Sources */,
				63CB4F0E1D3DAA5A00211D3A /* SCWordList.swift in Sources */,
				63486DA51D3DDC9800795403 /* SCArray.swift in Sources */,
				637310CB1D3B292F00EA5D7A /* SCGameRoomViewController.swift in Sources */,
				6307AC141E98AD6600BC1B73 /* SCPregameModalViewController.swift in Sources */,
				63D2568B1E6BA6BA0061D80C /* SCTextField.swift in Sources */,
				632D31201E9F5C55005D9999 /* SCTextButton.swift in Sources */,
				633292271E7DE8B30090B09D /* SCTableViewCell.swift in Sources */,
				63D256891E6BA6BA0061D80C /* SCSingleCharacterTextField.swift in Sources */,
				63CB4F081D3CB3C300211D3A /* SCGameRoomViewCell.swift in Sources */,
				6332921F1E7CD8320090B09D /* SCFonts.swift in Sources */,
				6332922B1E7DE9EC0090B09D /* SCSettingsManager.swift in Sources */,
				CF33BE2D1D6D04EA00D0E105 /* SCConstants.swift in Sources */,
				6308836A1E80FBD9006D2428 /* SCUpdateAppModalViewController.swift in Sources */,
				63920A371D3090D60073E7F7 /* SCMultipeerManager.swift in Sources */,
				638350A41EA1E3CF003049EF /* SCImageButton.swift in Sources */,
				63F2B7A61E6BB8F600F602D1 /* SCStates.swift in Sources */,
				63D256881E6BA6BA0061D80C /* SCRoundedButton.swift in Sources */,
				63EAF9A51D41F1C400BC554E /* SCAudioManager.swift in Sources */,
				63CB4F0A1D3CB88D00211D3A /* Card.swift in Sources */,
				6329BEFD1E512ADF004E6151 /* SCViewController.swift in Sources */,
				6307AC121E989CDE00BC1B73 /* SCModalViewController.swift in Sources */,
				63DEDEE81E88921200DE94A1 /* Event.swift in Sources */,
				637FF00A1E0F0B620076DC25 /* SCAccessCodeViewController.swift in Sources */,
				6363EB671E7E5A3900CC287B /* SCToggleViewCell.swift in Sources */,
				63D2568A1E6BA6BA0061D80C /* SCStatusLabel.swift in Sources */,
				639BA3161D38AFEF002F2A18 /* SCUIColor.swift in Sources */,
				638CE44D1EAB3D4B00033480 /* Timeline.swift in Sources */,
				63FDED391D26557200142780 /* Room.swift in Sources */,
				63D256821E6BA6BA0061D80C /* SCHelpDescriptionLabel.swift in Sources */,
				6378C6511D4C6F46009BD0CA /* GameMode.swift in Sources */,
				639E17681E00EADB00640540 /* SCSectionHeaderViewCell.swift in Sources */,
				638CE44B1EAB2EF300033480 /* SCTimelineModalViewController.swift in Sources */,
				63FDED461D28B47200142780 /* SCPregameRoomViewCell.swift in Sources */,
				63FDED351D264BE800142780 /* Player.swift in Sources */,
				63A04D041D1A5713005A2914 /* SCAppDelegate.swift in Sources */,
				63AB64CD1D4880A600C4FF22 /* SCSettingsViewController.swift in Sources */,
				633292251E7D0D950090B09D /* SCDisclosureViewCell.swift in Sources */,
				63D7E73D1EB183EF00B2F536 /* SCReadyStatusLabel.swift in Sources */,
				63FDED321D2648D600142780 /* SCPlayerNameViewController.swift in Sources */,
			);
			runOnlyForDeploymentPostprocessing = 0;
		};
/* End PBXSourcesBuildPhase section */

/* Begin XCBuildConfiguration section */
		63A04D131D1A5713005A2914 /* Debug */ = {
			isa = XCBuildConfiguration;
			buildSettings = {
				ALWAYS_SEARCH_USER_PATHS = NO;
				CLANG_ANALYZER_NONNULL = YES;
				CLANG_CXX_LANGUAGE_STANDARD = "gnu++0x";
				CLANG_CXX_LIBRARY = "libc++";
				CLANG_ENABLE_MODULES = YES;
				CLANG_ENABLE_OBJC_ARC = YES;
				CLANG_WARN_BOOL_CONVERSION = YES;
				CLANG_WARN_CONSTANT_CONVERSION = YES;
				CLANG_WARN_DIRECT_OBJC_ISA_USAGE = YES_ERROR;
				CLANG_WARN_EMPTY_BODY = YES;
				CLANG_WARN_ENUM_CONVERSION = YES;
				CLANG_WARN_INFINITE_RECURSION = YES;
				CLANG_WARN_INT_CONVERSION = YES;
				CLANG_WARN_OBJC_ROOT_CLASS = YES_ERROR;
				CLANG_WARN_SUSPICIOUS_MOVE = YES;
				CLANG_WARN_UNREACHABLE_CODE = YES;
				CLANG_WARN__DUPLICATE_METHOD_MATCH = YES;
				"CODE_SIGN_IDENTITY[sdk=iphoneos*]" = "iPhone Developer";
				COPY_PHASE_STRIP = NO;
				DEBUG_INFORMATION_FORMAT = dwarf;
				ENABLE_STRICT_OBJC_MSGSEND = YES;
				ENABLE_TESTABILITY = YES;
				GCC_C_LANGUAGE_STANDARD = gnu99;
				GCC_DYNAMIC_NO_PIC = NO;
				GCC_NO_COMMON_BLOCKS = YES;
				GCC_OPTIMIZATION_LEVEL = 0;
				GCC_PREPROCESSOR_DEFINITIONS = (
					"DEBUG=1",
					"$(inherited)",
				);
				GCC_WARN_64_TO_32_BIT_CONVERSION = YES;
				GCC_WARN_ABOUT_RETURN_TYPE = YES_ERROR;
				GCC_WARN_UNDECLARED_SELECTOR = YES;
				GCC_WARN_UNINITIALIZED_AUTOS = YES_AGGRESSIVE;
				GCC_WARN_UNUSED_FUNCTION = YES;
				GCC_WARN_UNUSED_VARIABLE = YES;
				IPHONEOS_DEPLOYMENT_TARGET = 8.0;
				MTL_ENABLE_DEBUG_INFO = YES;
				ONLY_ACTIVE_ARCH = YES;
				SDKROOT = iphoneos;
				SWIFT_OPTIMIZATION_LEVEL = "-Onone";
				TARGETED_DEVICE_FAMILY = "1,2";
			};
			name = Debug;
		};
		63A04D141D1A5713005A2914 /* Release */ = {
			isa = XCBuildConfiguration;
			buildSettings = {
				ALWAYS_SEARCH_USER_PATHS = NO;
				CLANG_ANALYZER_NONNULL = YES;
				CLANG_CXX_LANGUAGE_STANDARD = "gnu++0x";
				CLANG_CXX_LIBRARY = "libc++";
				CLANG_ENABLE_MODULES = YES;
				CLANG_ENABLE_OBJC_ARC = YES;
				CLANG_WARN_BOOL_CONVERSION = YES;
				CLANG_WARN_CONSTANT_CONVERSION = YES;
				CLANG_WARN_DIRECT_OBJC_ISA_USAGE = YES_ERROR;
				CLANG_WARN_EMPTY_BODY = YES;
				CLANG_WARN_ENUM_CONVERSION = YES;
				CLANG_WARN_INFINITE_RECURSION = YES;
				CLANG_WARN_INT_CONVERSION = YES;
				CLANG_WARN_OBJC_ROOT_CLASS = YES_ERROR;
				CLANG_WARN_SUSPICIOUS_MOVE = YES;
				CLANG_WARN_UNREACHABLE_CODE = YES;
				CLANG_WARN__DUPLICATE_METHOD_MATCH = YES;
				"CODE_SIGN_IDENTITY[sdk=iphoneos*]" = "iPhone Developer";
				COPY_PHASE_STRIP = NO;
				DEBUG_INFORMATION_FORMAT = "dwarf-with-dsym";
				ENABLE_NS_ASSERTIONS = NO;
				ENABLE_STRICT_OBJC_MSGSEND = YES;
				GCC_C_LANGUAGE_STANDARD = gnu99;
				GCC_NO_COMMON_BLOCKS = YES;
				GCC_WARN_64_TO_32_BIT_CONVERSION = YES;
				GCC_WARN_ABOUT_RETURN_TYPE = YES_ERROR;
				GCC_WARN_UNDECLARED_SELECTOR = YES;
				GCC_WARN_UNINITIALIZED_AUTOS = YES_AGGRESSIVE;
				GCC_WARN_UNUSED_FUNCTION = YES;
				GCC_WARN_UNUSED_VARIABLE = YES;
				IPHONEOS_DEPLOYMENT_TARGET = 8.0;
				MTL_ENABLE_DEBUG_INFO = NO;
				SDKROOT = iphoneos;
				SWIFT_OPTIMIZATION_LEVEL = "-Owholemodule";
				TARGETED_DEVICE_FAMILY = "1,2";
				VALIDATE_PRODUCT = YES;
			};
			name = Release;
		};
		63A04D161D1A5713005A2914 /* Debug */ = {
			isa = XCBuildConfiguration;
			buildSettings = {
				ASSETCATALOG_COMPILER_APPICON_NAME = AppIcon;
				CODE_SIGN_IDENTITY = "iPhone Developer";
				"CODE_SIGN_IDENTITY[sdk=iphoneos*]" = "iPhone Developer";
				INFOPLIST_FILE = Spycodes/Info.plist;
				IPHONEOS_DEPLOYMENT_TARGET = 8.0;
				LD_RUNPATH_SEARCH_PATHS = "$(inherited) @executable_path/Frameworks";
				PRODUCT_BUNDLE_IDENTIFIER = com.davidzhang.Spycodes;
				PRODUCT_NAME = Spycodes;
				PROVISIONING_PROFILE = "";
				SWIFT_VERSION = 3.0;
			};
			name = Debug;
		};
		63A04D171D1A5713005A2914 /* Release */ = {
			isa = XCBuildConfiguration;
			buildSettings = {
				ASSETCATALOG_COMPILER_APPICON_NAME = AppIcon;
				CODE_SIGN_IDENTITY = "iPhone Developer";
				"CODE_SIGN_IDENTITY[sdk=iphoneos*]" = "iPhone Developer";
				INFOPLIST_FILE = Spycodes/Info.plist;
				IPHONEOS_DEPLOYMENT_TARGET = 8.0;
				LD_RUNPATH_SEARCH_PATHS = "$(inherited) @executable_path/Frameworks";
				PRODUCT_BUNDLE_IDENTIFIER = com.davidzhang.Spycodes;
				PRODUCT_NAME = Spycodes;
				PROVISIONING_PROFILE = "";
				SWIFT_VERSION = 3.0;
			};
			name = Release;
		};
/* End XCBuildConfiguration section */

/* Begin XCConfigurationList section */
		63A04CFB1D1A5713005A2914 /* Build configuration list for PBXProject "Spycodes" */ = {
			isa = XCConfigurationList;
			buildConfigurations = (
				63A04D131D1A5713005A2914 /* Debug */,
				63A04D141D1A5713005A2914 /* Release */,
			);
			defaultConfigurationIsVisible = 0;
			defaultConfigurationName = Release;
		};
		63A04D151D1A5713005A2914 /* Build configuration list for PBXNativeTarget "Spycodes" */ = {
			isa = XCConfigurationList;
			buildConfigurations = (
				63A04D161D1A5713005A2914 /* Debug */,
				63A04D171D1A5713005A2914 /* Release */,
			);
			defaultConfigurationIsVisible = 0;
			defaultConfigurationName = Release;
		};
/* End XCConfigurationList section */
	};
	rootObject = 63A04CF81D1A5713005A2914 /* Project object */;
}
